// !$*UTF8*$!
{
	archiveVersion = 1;
	classes = {
	};
	objectVersion = 56;
	objects = {

/* Begin PBXBuildFile section */
		FA65AECC291FB20300BD723A /* ComicRepository+Constants.swift in Sources */ = {isa = PBXBuildFile; fileRef = FA65AECB291FB20300BD723A /* ComicRepository+Constants.swift */; };
		FA7266D3291F97F70028964B /* ComicRepository.swift in Sources */ = {isa = PBXBuildFile; fileRef = FA7266D2291F97F70028964B /* ComicRepository.swift */; };
		FA7266D4291F97F70028964B /* ComicRepository.swift in Sources */ = {isa = PBXBuildFile; fileRef = FA7266D2291F97F70028964B /* ComicRepository.swift */; };
		FA7266D6291F9C110028964B /* NetworkManager.swift in Sources */ = {isa = PBXBuildFile; fileRef = FA7266D5291F9C110028964B /* NetworkManager.swift */; };
		FA7266D7291F9C110028964B /* NetworkManager.swift in Sources */ = {isa = PBXBuildFile; fileRef = FA7266D5291F9C110028964B /* NetworkManager.swift */; };
		FA7266D9291F9CAA0028964B /* ReachabilityManager.swift in Sources */ = {isa = PBXBuildFile; fileRef = FA7266D8291F9CAA0028964B /* ReachabilityManager.swift */; };
		FA7266DA291F9CAA0028964B /* ReachabilityManager.swift in Sources */ = {isa = PBXBuildFile; fileRef = FA7266D8291F9CAA0028964B /* ReachabilityManager.swift */; };
		FA7266DF291F9DEE0028964B /* ApiError.swift in Sources */ = {isa = PBXBuildFile; fileRef = FA7266DE291F9DEE0028964B /* ApiError.swift */; };
		FA7266E0291F9DEE0028964B /* ApiError.swift in Sources */ = {isa = PBXBuildFile; fileRef = FA7266DE291F9DEE0028964B /* ApiError.swift */; };
		FA87BEF9291D8AFB003759A8 /* ShortcutterApp.swift in Sources */ = {isa = PBXBuildFile; fileRef = FA87BEF8291D8AFB003759A8 /* ShortcutterApp.swift */; };
		FA87BEFB291D8AFB003759A8 /* RootView.swift in Sources */ = {isa = PBXBuildFile; fileRef = FA87BEFA291D8AFB003759A8 /* RootView.swift */; };
		FA87BEFD291D8AFC003759A8 /* Assets.xcassets in Resources */ = {isa = PBXBuildFile; fileRef = FA87BEFC291D8AFC003759A8 /* Assets.xcassets */; };
		FA87BF00291D8AFC003759A8 /* Preview Assets.xcassets in Resources */ = {isa = PBXBuildFile; fileRef = FA87BEFF291D8AFC003759A8 /* Preview Assets.xcassets */; };
		FA87BF0A291D8AFC003759A8 /* ShortcutterTests.swift in Sources */ = {isa = PBXBuildFile; fileRef = FA87BF09291D8AFC003759A8 /* ShortcutterTests.swift */; };
		FA87BF14291D8AFC003759A8 /* ShortcutterUITests.swift in Sources */ = {isa = PBXBuildFile; fileRef = FA87BF13291D8AFC003759A8 /* ShortcutterUITests.swift */; };
		FA87BF16291D8AFC003759A8 /* ShortcutterUITestsLaunchTests.swift in Sources */ = {isa = PBXBuildFile; fileRef = FA87BF15291D8AFC003759A8 /* ShortcutterUITestsLaunchTests.swift */; };
		FA87BF2E291D9423003759A8 /* TabController.swift in Sources */ = {isa = PBXBuildFile; fileRef = FA87BF2D291D9423003759A8 /* TabController.swift */; };
		FA87BF30291D94FC003759A8 /* HomeView.swift in Sources */ = {isa = PBXBuildFile; fileRef = FA87BF2F291D94FC003759A8 /* HomeView.swift */; };
		FA87BF32291D95B3003759A8 /* HomeViewModel.swift in Sources */ = {isa = PBXBuildFile; fileRef = FA87BF31291D95B3003759A8 /* HomeViewModel.swift */; };
		FA87BF33291D95B3003759A8 /* HomeViewModel.swift in Sources */ = {isa = PBXBuildFile; fileRef = FA87BF31291D95B3003759A8 /* HomeViewModel.swift */; };
		FA87BF36291DA100003759A8 /* Comic.swift in Sources */ = {isa = PBXBuildFile; fileRef = FA87BF35291DA100003759A8 /* Comic.swift */; };
		FA87BF37291DA100003759A8 /* Comic.swift in Sources */ = {isa = PBXBuildFile; fileRef = FA87BF35291DA100003759A8 /* Comic.swift */; };
		FA87BF39291DA1D9003759A8 /* CurrentComicTestData.json in Resources */ = {isa = PBXBuildFile; fileRef = FA87BF34291D9DDA003759A8 /* CurrentComicTestData.json */; };
/* End PBXBuildFile section */

/* Begin PBXContainerItemProxy section */
		FA87BF06291D8AFC003759A8 /* PBXContainerItemProxy */ = {
			isa = PBXContainerItemProxy;
			containerPortal = FA87BEED291D8AFB003759A8 /* Project object */;
			proxyType = 1;
			remoteGlobalIDString = FA87BEF4291D8AFB003759A8;
			remoteInfo = Shortcutter;
		};
		FA87BF10291D8AFC003759A8 /* PBXContainerItemProxy */ = {
			isa = PBXContainerItemProxy;
			containerPortal = FA87BEED291D8AFB003759A8 /* Project object */;
			proxyType = 1;
			remoteGlobalIDString = FA87BEF4291D8AFB003759A8;
			remoteInfo = Shortcutter;
		};
/* End PBXContainerItemProxy section */

/* Begin PBXFileReference section */
		FA65AECB291FB20300BD723A /* ComicRepository+Constants.swift */ = {isa = PBXFileReference; lastKnownFileType = sourcecode.swift; path = "ComicRepository+Constants.swift"; sourceTree = "<group>"; };
		FA7266D2291F97F70028964B /* ComicRepository.swift */ = {isa = PBXFileReference; lastKnownFileType = sourcecode.swift; path = ComicRepository.swift; sourceTree = "<group>"; };
		FA7266D5291F9C110028964B /* NetworkManager.swift */ = {isa = PBXFileReference; lastKnownFileType = sourcecode.swift; path = NetworkManager.swift; sourceTree = "<group>"; };
		FA7266D8291F9CAA0028964B /* ReachabilityManager.swift */ = {isa = PBXFileReference; lastKnownFileType = sourcecode.swift; path = ReachabilityManager.swift; sourceTree = "<group>"; };
		FA7266DE291F9DEE0028964B /* ApiError.swift */ = {isa = PBXFileReference; lastKnownFileType = sourcecode.swift; path = ApiError.swift; sourceTree = "<group>"; };
		FA87BEF5291D8AFB003759A8 /* Shortcutter.app */ = {isa = PBXFileReference; explicitFileType = wrapper.application; includeInIndex = 0; path = Shortcutter.app; sourceTree = BUILT_PRODUCTS_DIR; };
		FA87BEF8291D8AFB003759A8 /* ShortcutterApp.swift */ = {isa = PBXFileReference; lastKnownFileType = sourcecode.swift; path = ShortcutterApp.swift; sourceTree = "<group>"; };
		FA87BEFA291D8AFB003759A8 /* RootView.swift */ = {isa = PBXFileReference; lastKnownFileType = sourcecode.swift; path = RootView.swift; sourceTree = "<group>"; };
		FA87BEFC291D8AFC003759A8 /* Assets.xcassets */ = {isa = PBXFileReference; lastKnownFileType = folder.assetcatalog; path = Assets.xcassets; sourceTree = "<group>"; };
		FA87BEFF291D8AFC003759A8 /* Preview Assets.xcassets */ = {isa = PBXFileReference; lastKnownFileType = folder.assetcatalog; path = "Preview Assets.xcassets"; sourceTree = "<group>"; };
		FA87BF05291D8AFC003759A8 /* ShortcutterTests.xctest */ = {isa = PBXFileReference; explicitFileType = wrapper.cfbundle; includeInIndex = 0; path = ShortcutterTests.xctest; sourceTree = BUILT_PRODUCTS_DIR; };
		FA87BF09291D8AFC003759A8 /* ShortcutterTests.swift */ = {isa = PBXFileReference; lastKnownFileType = sourcecode.swift; path = ShortcutterTests.swift; sourceTree = "<group>"; };
		FA87BF0F291D8AFC003759A8 /* ShortcutterUITests.xctest */ = {isa = PBXFileReference; explicitFileType = wrapper.cfbundle; includeInIndex = 0; path = ShortcutterUITests.xctest; sourceTree = BUILT_PRODUCTS_DIR; };
		FA87BF13291D8AFC003759A8 /* ShortcutterUITests.swift */ = {isa = PBXFileReference; lastKnownFileType = sourcecode.swift; path = ShortcutterUITests.swift; sourceTree = "<group>"; };
		FA87BF15291D8AFC003759A8 /* ShortcutterUITestsLaunchTests.swift */ = {isa = PBXFileReference; lastKnownFileType = sourcecode.swift; path = ShortcutterUITestsLaunchTests.swift; sourceTree = "<group>"; };
		FA87BF2D291D9423003759A8 /* TabController.swift */ = {isa = PBXFileReference; lastKnownFileType = sourcecode.swift; path = TabController.swift; sourceTree = "<group>"; };
		FA87BF2F291D94FC003759A8 /* HomeView.swift */ = {isa = PBXFileReference; lastKnownFileType = sourcecode.swift; path = HomeView.swift; sourceTree = "<group>"; };
		FA87BF31291D95B3003759A8 /* HomeViewModel.swift */ = {isa = PBXFileReference; lastKnownFileType = sourcecode.swift; path = HomeViewModel.swift; sourceTree = "<group>"; };
		FA87BF34291D9DDA003759A8 /* CurrentComicTestData.json */ = {isa = PBXFileReference; lastKnownFileType = text.json; path = CurrentComicTestData.json; sourceTree = "<group>"; };
		FA87BF35291DA100003759A8 /* Comic.swift */ = {isa = PBXFileReference; lastKnownFileType = sourcecode.swift; path = Comic.swift; sourceTree = "<group>"; };
/* End PBXFileReference section */

/* Begin PBXFrameworksBuildPhase section */
		FA87BEF2291D8AFB003759A8 /* Frameworks */ = {
			isa = PBXFrameworksBuildPhase;
			buildActionMask = 2147483647;
			files = (
			);
			runOnlyForDeploymentPostprocessing = 0;
		};
		FA87BF02291D8AFC003759A8 /* Frameworks */ = {
			isa = PBXFrameworksBuildPhase;
			buildActionMask = 2147483647;
			files = (
			);
			runOnlyForDeploymentPostprocessing = 0;
		};
		FA87BF0C291D8AFC003759A8 /* Frameworks */ = {
			isa = PBXFrameworksBuildPhase;
			buildActionMask = 2147483647;
			files = (
			);
			runOnlyForDeploymentPostprocessing = 0;
		};
/* End PBXFrameworksBuildPhase section */

/* Begin PBXGroup section */
		FA87BEEC291D8AFB003759A8 = {
			isa = PBXGroup;
			children = (
				FA87BEF7291D8AFB003759A8 /* Shortcutter */,
				FA87BF38291DA180003759A8 /* TestData */,
				FA87BF08291D8AFC003759A8 /* ShortcutterTests */,
				FA87BF12291D8AFC003759A8 /* ShortcutterUITests */,
				FA87BEF6291D8AFB003759A8 /* Products */,
			);
			sourceTree = "<group>";
		};
		FA87BEF6291D8AFB003759A8 /* Products */ = {
			isa = PBXGroup;
			children = (
				FA87BEF5291D8AFB003759A8 /* Shortcutter.app */,
				FA87BF05291D8AFC003759A8 /* ShortcutterTests.xctest */,
				FA87BF0F291D8AFC003759A8 /* ShortcutterUITests.xctest */,
			);
			name = Products;
			sourceTree = "<group>";
		};
		FA87BEF7291D8AFB003759A8 /* Shortcutter */ = {
			isa = PBXGroup;
			children = (
				FA87BF2C291D90F0003759A8 /* Extensions */,
				FA87BF28291D9028003759A8 /* Models */,
				FA87BF25291D8FCB003759A8 /* Providers */,
				FA87BF22291D8EA5003759A8 /* UI */,
				FA87BEF8291D8AFB003759A8 /* ShortcutterApp.swift */,
				FA87BEFC291D8AFC003759A8 /* Assets.xcassets */,
				FA87BEFE291D8AFC003759A8 /* Preview Content */,
			);
			path = Shortcutter;
			sourceTree = "<group>";
		};
		FA87BEFE291D8AFC003759A8 /* Preview Content */ = {
			isa = PBXGroup;
			children = (
				FA87BEFF291D8AFC003759A8 /* Preview Assets.xcassets */,
			);
			path = "Preview Content";
			sourceTree = "<group>";
		};
		FA87BF08291D8AFC003759A8 /* ShortcutterTests */ = {
			isa = PBXGroup;
			children = (
				FA87BF09291D8AFC003759A8 /* ShortcutterTests.swift */,
			);
			path = ShortcutterTests;
			sourceTree = "<group>";
		};
		FA87BF12291D8AFC003759A8 /* ShortcutterUITests */ = {
			isa = PBXGroup;
			children = (
				FA87BF13291D8AFC003759A8 /* ShortcutterUITests.swift */,
				FA87BF15291D8AFC003759A8 /* ShortcutterUITestsLaunchTests.swift */,
			);
			path = ShortcutterUITests;
			sourceTree = "<group>";
		};
		FA87BF22291D8EA5003759A8 /* UI */ = {
			isa = PBXGroup;
			children = (
				FA87BEFA291D8AFB003759A8 /* RootView.swift */,
				FA87BF2D291D9423003759A8 /* TabController.swift */,
				FA87BF24291D8F0F003759A8 /* ViewContainers */,
				FA87BF23291D8F02003759A8 /* ViewComponents */,
			);
			path = UI;
			sourceTree = "<group>";
		};
		FA87BF23291D8F02003759A8 /* ViewComponents */ = {
			isa = PBXGroup;
			children = (
			);
			path = ViewComponents;
			sourceTree = "<group>";
		};
		FA87BF24291D8F0F003759A8 /* ViewContainers */ = {
			isa = PBXGroup;
			children = (
				FA87BF2B291D90AF003759A8 /* ComicDetailsView */,
				FA87BF2A291D909B003759A8 /* OfflineView */,
				FA87BF29291D9081003759A8 /* HomeView */,
			);
			path = ViewContainers;
			sourceTree = "<group>";
		};
		FA87BF25291D8FCB003759A8 /* Providers */ = {
			isa = PBXGroup;
			children = (
				FA87BF27291D8FFC003759A8 /* Repository */,
				FA87BF26291D8FED003759A8 /* Managers */,
			);
			path = Providers;
			sourceTree = "<group>";
		};
		FA87BF26291D8FED003759A8 /* Managers */ = {
			isa = PBXGroup;
			children = (
				FA7266D5291F9C110028964B /* NetworkManager.swift */,
				FA7266D8291F9CAA0028964B /* ReachabilityManager.swift */,
			);
			path = Managers;
			sourceTree = "<group>";
		};
		FA87BF27291D8FFC003759A8 /* Repository */ = {
			isa = PBXGroup;
			children = (
				FA7266D2291F97F70028964B /* ComicRepository.swift */,
				FA65AECB291FB20300BD723A /* ComicRepository+Constants.swift */,
			);
			path = Repository;
			sourceTree = "<group>";
		};
		FA87BF28291D9028003759A8 /* Models */ = {
			isa = PBXGroup;
			children = (
				FA87BF35291DA100003759A8 /* Comic.swift */,
				FA7266DE291F9DEE0028964B /* ApiError.swift */,
			);
			path = Models;
			sourceTree = "<group>";
		};
		FA87BF29291D9081003759A8 /* HomeView */ = {
			isa = PBXGroup;
			children = (
				FA87BF2F291D94FC003759A8 /* HomeView.swift */,
				FA87BF31291D95B3003759A8 /* HomeViewModel.swift */,
			);
			path = HomeView;
			sourceTree = "<group>";
		};
		FA87BF2A291D909B003759A8 /* OfflineView */ = {
			isa = PBXGroup;
			children = (
			);
			path = OfflineView;
			sourceTree = "<group>";
		};
		FA87BF2B291D90AF003759A8 /* ComicDetailsView */ = {
			isa = PBXGroup;
			children = (
			);
			path = ComicDetailsView;
			sourceTree = "<group>";
		};
		FA87BF2C291D90F0003759A8 /* Extensions */ = {
			isa = PBXGroup;
			children = (
			);
			path = Extensions;
			sourceTree = "<group>";
		};
		FA87BF38291DA180003759A8 /* TestData */ = {
			isa = PBXGroup;
			children = (
				FA87BF34291D9DDA003759A8 /* CurrentComicTestData.json */,
			);
			path = TestData;
			sourceTree = "<group>";
		};
/* End PBXGroup section */

/* Begin PBXNativeTarget section */
		FA87BEF4291D8AFB003759A8 /* Shortcutter */ = {
			isa = PBXNativeTarget;
			buildConfigurationList = FA87BF19291D8AFC003759A8 /* Build configuration list for PBXNativeTarget "Shortcutter" */;
			buildPhases = (
				FA87BEF1291D8AFB003759A8 /* Sources */,
				FA87BEF2291D8AFB003759A8 /* Frameworks */,
				FA87BEF3291D8AFB003759A8 /* Resources */,
			);
			buildRules = (
			);
			dependencies = (
			);
			name = Shortcutter;
			productName = Shortcutter;
			productReference = FA87BEF5291D8AFB003759A8 /* Shortcutter.app */;
			productType = "com.apple.product-type.application";
		};
		FA87BF04291D8AFC003759A8 /* ShortcutterTests */ = {
			isa = PBXNativeTarget;
			buildConfigurationList = FA87BF1C291D8AFC003759A8 /* Build configuration list for PBXNativeTarget "ShortcutterTests" */;
			buildPhases = (
				FA87BF01291D8AFC003759A8 /* Sources */,
				FA87BF02291D8AFC003759A8 /* Frameworks */,
				FA87BF03291D8AFC003759A8 /* Resources */,
			);
			buildRules = (
			);
			dependencies = (
				FA87BF07291D8AFC003759A8 /* PBXTargetDependency */,
			);
			name = ShortcutterTests;
			productName = ShortcutterTests;
			productReference = FA87BF05291D8AFC003759A8 /* ShortcutterTests.xctest */;
			productType = "com.apple.product-type.bundle.unit-test";
		};
		FA87BF0E291D8AFC003759A8 /* ShortcutterUITests */ = {
			isa = PBXNativeTarget;
			buildConfigurationList = FA87BF1F291D8AFC003759A8 /* Build configuration list for PBXNativeTarget "ShortcutterUITests" */;
			buildPhases = (
				FA87BF0B291D8AFC003759A8 /* Sources */,
				FA87BF0C291D8AFC003759A8 /* Frameworks */,
				FA87BF0D291D8AFC003759A8 /* Resources */,
			);
			buildRules = (
			);
			dependencies = (
				FA87BF11291D8AFC003759A8 /* PBXTargetDependency */,
			);
			name = ShortcutterUITests;
			productName = ShortcutterUITests;
			productReference = FA87BF0F291D8AFC003759A8 /* ShortcutterUITests.xctest */;
			productType = "com.apple.product-type.bundle.ui-testing";
		};
/* End PBXNativeTarget section */

/* Begin PBXProject section */
		FA87BEED291D8AFB003759A8 /* Project object */ = {
			isa = PBXProject;
			attributes = {
				BuildIndependentTargetsInParallel = 1;
				LastSwiftUpdateCheck = 1410;
				LastUpgradeCheck = 1410;
				TargetAttributes = {
					FA87BEF4291D8AFB003759A8 = {
						CreatedOnToolsVersion = 14.1;
					};
					FA87BF04291D8AFC003759A8 = {
						CreatedOnToolsVersion = 14.1;
						TestTargetID = FA87BEF4291D8AFB003759A8;
					};
					FA87BF0E291D8AFC003759A8 = {
						CreatedOnToolsVersion = 14.1;
						TestTargetID = FA87BEF4291D8AFB003759A8;
					};
				};
			};
			buildConfigurationList = FA87BEF0291D8AFB003759A8 /* Build configuration list for PBXProject "Shortcutter" */;
			compatibilityVersion = "Xcode 14.0";
			developmentRegion = en;
			hasScannedForEncodings = 0;
			knownRegions = (
				en,
				Base,
			);
			mainGroup = FA87BEEC291D8AFB003759A8;
			productRefGroup = FA87BEF6291D8AFB003759A8 /* Products */;
			projectDirPath = "";
			projectRoot = "";
			targets = (
				FA87BEF4291D8AFB003759A8 /* Shortcutter */,
				FA87BF04291D8AFC003759A8 /* ShortcutterTests */,
				FA87BF0E291D8AFC003759A8 /* ShortcutterUITests */,
			);
		};
/* End PBXProject section */

/* Begin PBXResourcesBuildPhase section */
		FA87BEF3291D8AFB003759A8 /* Resources */ = {
			isa = PBXResourcesBuildPhase;
			buildActionMask = 2147483647;
			files = (
				FA87BF39291DA1D9003759A8 /* CurrentComicTestData.json in Resources */,
				FA87BF00291D8AFC003759A8 /* Preview Assets.xcassets in Resources */,
				FA87BEFD291D8AFC003759A8 /* Assets.xcassets in Resources */,
			);
			runOnlyForDeploymentPostprocessing = 0;
		};
		FA87BF03291D8AFC003759A8 /* Resources */ = {
			isa = PBXResourcesBuildPhase;
			buildActionMask = 2147483647;
			files = (
			);
			runOnlyForDeploymentPostprocessing = 0;
		};
		FA87BF0D291D8AFC003759A8 /* Resources */ = {
			isa = PBXResourcesBuildPhase;
			buildActionMask = 2147483647;
			files = (
			);
			runOnlyForDeploymentPostprocessing = 0;
		};
/* End PBXResourcesBuildPhase section */

/* Begin PBXSourcesBuildPhase section */
		FA87BEF1291D8AFB003759A8 /* Sources */ = {
			isa = PBXSourcesBuildPhase;
			buildActionMask = 2147483647;
			files = (
				FA87BEFB291D8AFB003759A8 /* RootView.swift in Sources */,
				FA87BF36291DA100003759A8 /* Comic.swift in Sources */,
				FA87BF30291D94FC003759A8 /* HomeView.swift in Sources */,
				FA7266D3291F97F70028964B /* ComicRepository.swift in Sources */,
				FA7266D9291F9CAA0028964B /* ReachabilityManager.swift in Sources */,
				FA7266D6291F9C110028964B /* NetworkManager.swift in Sources */,
				FA65AECC291FB20300BD723A /* ComicRepository+Constants.swift in Sources */,
				FA87BF2E291D9423003759A8 /* TabController.swift in Sources */,
				FA87BF32291D95B3003759A8 /* HomeViewModel.swift in Sources */,
				FA87BEF9291D8AFB003759A8 /* ShortcutterApp.swift in Sources */,
				FA7266DF291F9DEE0028964B /* ApiError.swift in Sources */,
			);
			runOnlyForDeploymentPostprocessing = 0;
		};
		FA87BF01291D8AFC003759A8 /* Sources */ = {
			isa = PBXSourcesBuildPhase;
			buildActionMask = 2147483647;
			files = (
				FA87BF0A291D8AFC003759A8 /* ShortcutterTests.swift in Sources */,
				FA87BF37291DA100003759A8 /* Comic.swift in Sources */,
				FA7266D7291F9C110028964B /* NetworkManager.swift in Sources */,
				FA87BF33291D95B3003759A8 /* HomeViewModel.swift in Sources */,
				FA7266E0291F9DEE0028964B /* ApiError.swift in Sources */,
				FA7266DA291F9CAA0028964B /* ReachabilityManager.swift in Sources */,
				FA7266D4291F97F70028964B /* ComicRepository.swift in Sources */,
			);
			runOnlyForDeploymentPostprocessing = 0;
		};
		FA87BF0B291D8AFC003759A8 /* Sources */ = {
			isa = PBXSourcesBuildPhase;
			buildActionMask = 2147483647;
			files = (
				FA87BF16291D8AFC003759A8 /* ShortcutterUITestsLaunchTests.swift in Sources */,
				FA87BF14291D8AFC003759A8 /* ShortcutterUITests.swift in Sources */,
			);
			runOnlyForDeploymentPostprocessing = 0;
		};
/* End PBXSourcesBuildPhase section */

/* Begin PBXTargetDependency section */
		FA87BF07291D8AFC003759A8 /* PBXTargetDependency */ = {
			isa = PBXTargetDependency;
			target = FA87BEF4291D8AFB003759A8 /* Shortcutter */;
			targetProxy = FA87BF06291D8AFC003759A8 /* PBXContainerItemProxy */;
		};
		FA87BF11291D8AFC003759A8 /* PBXTargetDependency */ = {
			isa = PBXTargetDependency;
			target = FA87BEF4291D8AFB003759A8 /* Shortcutter */;
			targetProxy = FA87BF10291D8AFC003759A8 /* PBXContainerItemProxy */;
		};
/* End PBXTargetDependency section */

/* Begin XCBuildConfiguration section */
		FA87BF17291D8AFC003759A8 /* Debug */ = {
			isa = XCBuildConfiguration;
			buildSettings = {
				ALWAYS_SEARCH_USER_PATHS = NO;
				CLANG_ANALYZER_NONNULL = YES;
				CLANG_ANALYZER_NUMBER_OBJECT_CONVERSION = YES_AGGRESSIVE;
				CLANG_CXX_LANGUAGE_STANDARD = "gnu++20";
				CLANG_ENABLE_MODULES = YES;
				CLANG_ENABLE_OBJC_ARC = YES;
				CLANG_ENABLE_OBJC_WEAK = YES;
				CLANG_WARN_BLOCK_CAPTURE_AUTORELEASING = YES;
				CLANG_WARN_BOOL_CONVERSION = YES;
				CLANG_WARN_COMMA = YES;
				CLANG_WARN_CONSTANT_CONVERSION = YES;
				CLANG_WARN_DEPRECATED_OBJC_IMPLEMENTATIONS = YES;
				CLANG_WARN_DIRECT_OBJC_ISA_USAGE = YES_ERROR;
				CLANG_WARN_DOCUMENTATION_COMMENTS = YES;
				CLANG_WARN_EMPTY_BODY = YES;
				CLANG_WARN_ENUM_CONVERSION = YES;
				CLANG_WARN_INFINITE_RECURSION = YES;
				CLANG_WARN_INT_CONVERSION = YES;
				CLANG_WARN_NON_LITERAL_NULL_CONVERSION = YES;
				CLANG_WARN_OBJC_IMPLICIT_RETAIN_SELF = YES;
				CLANG_WARN_OBJC_LITERAL_CONVERSION = YES;
				CLANG_WARN_OBJC_ROOT_CLASS = YES_ERROR;
				CLANG_WARN_QUOTED_INCLUDE_IN_FRAMEWORK_HEADER = YES;
				CLANG_WARN_RANGE_LOOP_ANALYSIS = YES;
				CLANG_WARN_STRICT_PROTOTYPES = YES;
				CLANG_WARN_SUSPICIOUS_MOVE = YES;
				CLANG_WARN_UNGUARDED_AVAILABILITY = YES_AGGRESSIVE;
				CLANG_WARN_UNREACHABLE_CODE = YES;
				CLANG_WARN__DUPLICATE_METHOD_MATCH = YES;
				COPY_PHASE_STRIP = NO;
				DEBUG_INFORMATION_FORMAT = dwarf;
				ENABLE_STRICT_OBJC_MSGSEND = YES;
				ENABLE_TESTABILITY = YES;
				GCC_C_LANGUAGE_STANDARD = gnu11;
				GCC_DYNAMIC_NO_PIC = NO;
				GCC_NO_COMMON_BLOCKS = YES;
				GCC_OPTIMIZATION_LEVEL = 0;
				GCC_PREPROCESSOR_DEFINITIONS = (
					"DEBUG=1",
					"$(inherited)",
				);
				GCC_WARN_64_TO_32_BIT_CONVERSION = YES;
				GCC_WARN_ABOUT_RETURN_TYPE = YES_ERROR;
				GCC_WARN_UNDECLARED_SELECTOR = YES;
				GCC_WARN_UNINITIALIZED_AUTOS = YES_AGGRESSIVE;
				GCC_WARN_UNUSED_FUNCTION = YES;
				GCC_WARN_UNUSED_VARIABLE = YES;
				IPHONEOS_DEPLOYMENT_TARGET = 16.1;
				MTL_ENABLE_DEBUG_INFO = INCLUDE_SOURCE;
				MTL_FAST_MATH = YES;
				ONLY_ACTIVE_ARCH = YES;
				SDKROOT = iphoneos;
				SWIFT_ACTIVE_COMPILATION_CONDITIONS = DEBUG;
				SWIFT_OPTIMIZATION_LEVEL = "-Onone";
			};
			name = Debug;
		};
		FA87BF18291D8AFC003759A8 /* Release */ = {
			isa = XCBuildConfiguration;
			buildSettings = {
				ALWAYS_SEARCH_USER_PATHS = NO;
				CLANG_ANALYZER_NONNULL = YES;
				CLANG_ANALYZER_NUMBER_OBJECT_CONVERSION = YES_AGGRESSIVE;
				CLANG_CXX_LANGUAGE_STANDARD = "gnu++20";
				CLANG_ENABLE_MODULES = YES;
				CLANG_ENABLE_OBJC_ARC = YES;
				CLANG_ENABLE_OBJC_WEAK = YES;
				CLANG_WARN_BLOCK_CAPTURE_AUTORELEASING = YES;
				CLANG_WARN_BOOL_CONVERSION = YES;
				CLANG_WARN_COMMA = YES;
				CLANG_WARN_CONSTANT_CONVERSION = YES;
				CLANG_WARN_DEPRECATED_OBJC_IMPLEMENTATIONS = YES;
				CLANG_WARN_DIRECT_OBJC_ISA_USAGE = YES_ERROR;
				CLANG_WARN_DOCUMENTATION_COMMENTS = YES;
				CLANG_WARN_EMPTY_BODY = YES;
				CLANG_WARN_ENUM_CONVERSION = YES;
				CLANG_WARN_INFINITE_RECURSION = YES;
				CLANG_WARN_INT_CONVERSION = YES;
				CLANG_WARN_NON_LITERAL_NULL_CONVERSION = YES;
				CLANG_WARN_OBJC_IMPLICIT_RETAIN_SELF = YES;
				CLANG_WARN_OBJC_LITERAL_CONVERSION = YES;
				CLANG_WARN_OBJC_ROOT_CLASS = YES_ERROR;
				CLANG_WARN_QUOTED_INCLUDE_IN_FRAMEWORK_HEADER = YES;
				CLANG_WARN_RANGE_LOOP_ANALYSIS = YES;
				CLANG_WARN_STRICT_PROTOTYPES = YES;
				CLANG_WARN_SUSPICIOUS_MOVE = YES;
				CLANG_WARN_UNGUARDED_AVAILABILITY = YES_AGGRESSIVE;
				CLANG_WARN_UNREACHABLE_CODE = YES;
				CLANG_WARN__DUPLICATE_METHOD_MATCH = YES;
				COPY_PHASE_STRIP = NO;
				DEBUG_INFORMATION_FORMAT = "dwarf-with-dsym";
				ENABLE_NS_ASSERTIONS = NO;
				ENABLE_STRICT_OBJC_MSGSEND = YES;
				GCC_C_LANGUAGE_STANDARD = gnu11;
				GCC_NO_COMMON_BLOCKS = YES;
				GCC_WARN_64_TO_32_BIT_CONVERSION = YES;
				GCC_WARN_ABOUT_RETURN_TYPE = YES_ERROR;
				GCC_WARN_UNDECLARED_SELECTOR = YES;
				GCC_WARN_UNINITIALIZED_AUTOS = YES_AGGRESSIVE;
				GCC_WARN_UNUSED_FUNCTION = YES;
				GCC_WARN_UNUSED_VARIABLE = YES;
				IPHONEOS_DEPLOYMENT_TARGET = 16.1;
				MTL_ENABLE_DEBUG_INFO = NO;
				MTL_FAST_MATH = YES;
				SDKROOT = iphoneos;
				SWIFT_COMPILATION_MODE = wholemodule;
				SWIFT_OPTIMIZATION_LEVEL = "-O";
				VALIDATE_PRODUCT = YES;
			};
			name = Release;
		};
		FA87BF1A291D8AFC003759A8 /* Debug */ = {
			isa = XCBuildConfiguration;
			buildSettings = {
				ASSETCATALOG_COMPILER_APPICON_NAME = AppIcon;
				ASSETCATALOG_COMPILER_GLOBAL_ACCENT_COLOR_NAME = AccentColor;
				CODE_SIGN_STYLE = Automatic;
				CURRENT_PROJECT_VERSION = 1;
				DEVELOPMENT_ASSET_PATHS = "\"Shortcutter/Preview Content\"";
				DEVELOPMENT_TEAM = H9557RVYS7;
				ENABLE_PREVIEWS = YES;
				GENERATE_INFOPLIST_FILE = YES;
				INFOPLIST_KEY_UIApplicationSceneManifest_Generation = YES;
				INFOPLIST_KEY_UIApplicationSupportsIndirectInputEvents = YES;
				INFOPLIST_KEY_UILaunchScreen_Generation = YES;
				INFOPLIST_KEY_UISupportedInterfaceOrientations_iPad = "UIInterfaceOrientationPortrait UIInterfaceOrientationPortraitUpsideDown UIInterfaceOrientationLandscapeLeft UIInterfaceOrientationLandscapeRight";
				INFOPLIST_KEY_UISupportedInterfaceOrientations_iPhone = "UIInterfaceOrientationPortrait UIInterfaceOrientationLandscapeLeft UIInterfaceOrientationLandscapeRight";
				IPHONEOS_DEPLOYMENT_TARGET = 16.0;
				LD_RUNPATH_SEARCH_PATHS = (
					"$(inherited)",
					"@executable_path/Frameworks",
				);
				MARKETING_VERSION = 1.0;
				PRODUCT_BUNDLE_IDENTIFIER = lv.armandsberzins.Shortcutter;
				PRODUCT_NAME = "$(TARGET_NAME)";
				SWIFT_EMIT_LOC_STRINGS = YES;
				SWIFT_VERSION = 5.0;
				TARGETED_DEVICE_FAMILY = "1,2";
			};
			name = Debug;
		};
		FA87BF1B291D8AFC003759A8 /* Release */ = {
			isa = XCBuildConfiguration;
			buildSettings = {
				ASSETCATALOG_COMPILER_APPICON_NAME = AppIcon;
				ASSETCATALOG_COMPILER_GLOBAL_ACCENT_COLOR_NAME = AccentColor;
				CODE_SIGN_STYLE = Automatic;
				CURRENT_PROJECT_VERSION = 1;
				DEVELOPMENT_ASSET_PATHS = "\"Shortcutter/Preview Content\"";
				DEVELOPMENT_TEAM = H9557RVYS7;
				ENABLE_PREVIEWS = YES;
				GENERATE_INFOPLIST_FILE = YES;
				INFOPLIST_KEY_UIApplicationSceneManifest_Generation = YES;
				INFOPLIST_KEY_UIApplicationSupportsIndirectInputEvents = YES;
				INFOPLIST_KEY_UILaunchScreen_Generation = YES;
				INFOPLIST_KEY_UISupportedInterfaceOrientations_iPad = "UIInterfaceOrientationPortrait UIInterfaceOrientationPortraitUpsideDown UIInterfaceOrientationLandscapeLeft UIInterfaceOrientationLandscapeRight";
				INFOPLIST_KEY_UISupportedInterfaceOrientations_iPhone = "UIInterfaceOrientationPortrait UIInterfaceOrientationLandscapeLeft UIInterfaceOrientationLandscapeRight";
				IPHONEOS_DEPLOYMENT_TARGET = 16.0;
				LD_RUNPATH_SEARCH_PATHS = (
					"$(inherited)",
					"@executable_path/Frameworks",
				);
				MARKETING_VERSION = 1.0;
				PRODUCT_BUNDLE_IDENTIFIER = lv.armandsberzins.Shortcutter;
				PRODUCT_NAME = "$(TARGET_NAME)";
				SWIFT_EMIT_LOC_STRINGS = YES;
				SWIFT_VERSION = 5.0;
				TARGETED_DEVICE_FAMILY = "1,2";
			};
			name = Release;
		};
		FA87BF1D291D8AFC003759A8 /* Debug */ = {
			isa = XCBuildConfiguration;
			buildSettings = {
				ALWAYS_EMBED_SWIFT_STANDARD_LIBRARIES = YES;
				BUNDLE_LOADER = "$(TEST_HOST)";
				CODE_SIGN_STYLE = Automatic;
				CURRENT_PROJECT_VERSION = 1;
				DEVELOPMENT_TEAM = H9557RVYS7;
				GENERATE_INFOPLIST_FILE = YES;
				IPHONEOS_DEPLOYMENT_TARGET = 16.1;
				MARKETING_VERSION = 1.0;
				PRODUCT_BUNDLE_IDENTIFIER = lv.armandsberzins.ShortcutterTests;
				PRODUCT_NAME = "$(TARGET_NAME)";
				SWIFT_EMIT_LOC_STRINGS = NO;
				SWIFT_VERSION = 5.0;
				TARGETED_DEVICE_FAMILY = "1,2";
				TEST_HOST = "$(BUILT_PRODUCTS_DIR)/Shortcutter.app/$(BUNDLE_EXECUTABLE_FOLDER_PATH)/Shortcutter";
			};
			name = Debug;
		};
		FA87BF1E291D8AFC003759A8 /* Release */ = {
			isa = XCBuildConfiguration;
			buildSettings = {
				ALWAYS_EMBED_SWIFT_STANDARD_LIBRARIES = YES;
				BUNDLE_LOADER = "$(TEST_HOST)";
				CODE_SIGN_STYLE = Automatic;
				CURRENT_PROJECT_VERSION = 1;
				DEVELOPMENT_TEAM = H9557RVYS7;
				GENERATE_INFOPLIST_FILE = YES;
				IPHONEOS_DEPLOYMENT_TARGET = 16.1;
				MARKETING_VERSION = 1.0;
				PRODUCT_BUNDLE_IDENTIFIER = lv.armandsberzins.ShortcutterTests;
				PRODUCT_NAME = "$(TARGET_NAME)";
				SWIFT_EMIT_LOC_STRINGS = NO;
				SWIFT_VERSION = 5.0;
				TARGETED_DEVICE_FAMILY = "1,2";
				TEST_HOST = "$(BUILT_PRODUCTS_DIR)/Shortcutter.app/$(BUNDLE_EXECUTABLE_FOLDER_PATH)/Shortcutter";
			};
			name = Release;
		};
		FA87BF20291D8AFC003759A8 /* Debug */ = {
			isa = XCBuildConfiguration;
			buildSettings = {
				ALWAYS_EMBED_SWIFT_STANDARD_LIBRARIES = YES;
				CODE_SIGN_STYLE = Automatic;
				CURRENT_PROJECT_VERSION = 1;
				DEVELOPMENT_TEAM = H9557RVYS7;
				GENERATE_INFOPLIST_FILE = YES;
				MARKETING_VERSION = 1.0;
				PRODUCT_BUNDLE_IDENTIFIER = lv.armandsberzins.ShortcutterUITests;
				PRODUCT_NAME = "$(TARGET_NAME)";
				SWIFT_EMIT_LOC_STRINGS = NO;
				SWIFT_VERSION = 5.0;
				TARGETED_DEVICE_FAMILY = "1,2";
				TEST_TARGET_NAME = Shortcutter;
			};
			name = Debug;
		};
		FA87BF21291D8AFC003759A8 /* Release */ = {
			isa = XCBuildConfiguration;
			buildSettings = {
				ALWAYS_EMBED_SWIFT_STANDARD_LIBRARIES = YES;
				CODE_SIGN_STYLE = Automatic;
				CURRENT_PROJECT_VERSION = 1;
				DEVELOPMENT_TEAM = H9557RVYS7;
				GENERATE_INFOPLIST_FILE = YES;
				MARKETING_VERSION = 1.0;
				PRODUCT_BUNDLE_IDENTIFIER = lv.armandsberzins.ShortcutterUITests;
				PRODUCT_NAME = "$(TARGET_NAME)";
				SWIFT_EMIT_LOC_STRINGS = NO;
				SWIFT_VERSION = 5.0;
				TARGETED_DEVICE_FAMILY = "1,2";
				TEST_TARGET_NAME = Shortcutter;
			};
			name = Release;
		};
/* End XCBuildConfiguration section */

/* Begin XCConfigurationList section */
		FA87BEF0291D8AFB003759A8 /* Build configuration list for PBXProject "Shortcutter" */ = {
			isa = XCConfigurationList;
			buildConfigurations = (
				FA87BF17291D8AFC003759A8 /* Debug */,
				FA87BF18291D8AFC003759A8 /* Release */,
			);
			defaultConfigurationIsVisible = 0;
			defaultConfigurationName = Release;
		};
		FA87BF19291D8AFC003759A8 /* Build configuration list for PBXNativeTarget "Shortcutter" */ = {
			isa = XCConfigurationList;
			buildConfigurations = (
				FA87BF1A291D8AFC003759A8 /* Debug */,
				FA87BF1B291D8AFC003759A8 /* Release */,
			);
			defaultConfigurationIsVisible = 0;
			defaultConfigurationName = Release;
		};
		FA87BF1C291D8AFC003759A8 /* Build configuration list for PBXNativeTarget "ShortcutterTests" */ = {
			isa = XCConfigurationList;
			buildConfigurations = (
				FA87BF1D291D8AFC003759A8 /* Debug */,
				FA87BF1E291D8AFC003759A8 /* Release */,
			);
			defaultConfigurationIsVisible = 0;
			defaultConfigurationName = Release;
		};
		FA87BF1F291D8AFC003759A8 /* Build configuration list for PBXNativeTarget "ShortcutterUITests" */ = {
			isa = XCConfigurationList;
			buildConfigurations = (
				FA87BF20291D8AFC003759A8 /* Debug */,
				FA87BF21291D8AFC003759A8 /* Release */,
			);
			defaultConfigurationIsVisible = 0;
			defaultConfigurationName = Release;
		};
/* End XCConfigurationList section */
	};
	rootObject = FA87BEED291D8AFB003759A8 /* Project object */;
}
